{
  "name": "dependent-project",
  "version": "1.0.0",
  "lockfileVersion": 2,
  "requires": true,
  "packages": {
    "": {
      "version": "1.0.0",
      "dependencies": {
        "local-library": "file:../local-library"
      }
    },
    "../local-library": {
      "version": "1.0.0",
      "dependencies": {
        "chalk": "^4.1.1"
      }
    },
    "node_modules/local-library": {
      "resolved": "../local-library",
      "link": true
    }
  },
  "dependencies": {
    "local-library": {
      "version": "file:../local-library",
      "requires": {
        "chalk": "^4.1.1"
      }
    }
  }
}
